// !$*UTF8*$!
{
	archiveVersion = 1;
	classes = {
	};
	objectVersion = 46;
	objects = {

/* Begin PBXBuildFile section */
		461A5EE71B51E06B0084EEED /* LocationTracker.m in Sources */ = {isa = PBXBuildFile; fileRef = 461A5EE61B51E06B0084EEED /* LocationTracker.m */; };
		462F459D1B4ECD1D00D5581F /* AdventureTabBarViewController.m in Sources */ = {isa = PBXBuildFile; fileRef = 462F459C1B4ECD1D00D5581F /* AdventureTabBarViewController.m */; };
		466476D21B4D94560005DEF6 /* CoverViewController.m in Sources */ = {isa = PBXBuildFile; fileRef = 466476D11B4D94560005DEF6 /* CoverViewController.m */; };
		466476D51B4D97C40005DEF6 /* IntroductionViewController.m in Sources */ = {isa = PBXBuildFile; fileRef = 466476D41B4D97C40005DEF6 /* IntroductionViewController.m */; };
		46780BAB1B52A03700042355 /* MarginUIImageView.m in Sources */ = {isa = PBXBuildFile; fileRef = 46780BAA1B52A03700042355 /* MarginUIImageView.m */; };
		46780BAE1B52B48F00042355 /* ScaledImage.m in Sources */ = {isa = PBXBuildFile; fileRef = 46780BAD1B52B48F00042355 /* ScaledImage.m */; };
		4694B2C01B51F7EB0053C3FE /* Clue0.m in Sources */ = {isa = PBXBuildFile; fileRef = 4694B2BF1B51F7EB0053C3FE /* Clue0.m */; };
		4694B2C31B51F7F70053C3FE /* Clue1.m in Sources */ = {isa = PBXBuildFile; fileRef = 4694B2C21B51F7F70053C3FE /* Clue1.m */; };
		4694B2C61B51F8030053C3FE /* Clue2.m in Sources */ = {isa = PBXBuildFile; fileRef = 4694B2C51B51F8030053C3FE /* Clue2.m */; };
		4694B2C91B51F80F0053C3FE /* Clue3.m in Sources */ = {isa = PBXBuildFile; fileRef = 4694B2C81B51F80F0053C3FE /* Clue3.m */; };
		4694B2CC1B51F81B0053C3FE /* Clue4.m in Sources */ = {isa = PBXBuildFile; fileRef = 4694B2CB1B51F81B0053C3FE /* Clue4.m */; };
		4694B2CF1B51F8260053C3FE /* Clue5.m in Sources */ = {isa = PBXBuildFile; fileRef = 4694B2CE1B51F8260053C3FE /* Clue5.m */; };
		4694B2D21B51F8340053C3FE /* Clue6.m in Sources */ = {isa = PBXBuildFile; fileRef = 4694B2D11B51F8340053C3FE /* Clue6.m */; };
		4694B2D51B51F83F0053C3FE /* Clue7.m in Sources */ = {isa = PBXBuildFile; fileRef = 4694B2D41B51F83F0053C3FE /* Clue7.m */; };
		46ACC1641B4D85290018B77B /* MarginUILabel.m in Sources */ = {isa = PBXBuildFile; fileRef = 46ACC1631B4D85290018B77B /* MarginUILabel.m */; };
		46B97D0A1B4C5BE000C8367E /* main.m in Sources */ = {isa = PBXBuildFile; fileRef = 46B97D091B4C5BE000C8367E /* main.m */; };
		46B97D0D1B4C5BE000C8367E /* AppDelegate.m in Sources */ = {isa = PBXBuildFile; fileRef = 46B97D0C1B4C5BE000C8367E /* AppDelegate.m */; };
		46B97D161B4C5BE000C8367E /* Main.storyboard in Resources */ = {isa = PBXBuildFile; fileRef = 46B97D141B4C5BE000C8367E /* Main.storyboard */; };
		46B97D181B4C5BE000C8367E /* Assets.xcassets in Resources */ = {isa = PBXBuildFile; fileRef = 46B97D171B4C5BE000C8367E /* Assets.xcassets */; };
		46B97D1B1B4C5BE000C8367E /* LaunchScreen.storyboard in Resources */ = {isa = PBXBuildFile; fileRef = 46B97D191B4C5BE000C8367E /* LaunchScreen.storyboard */; };
		46B97D241B4D715B00C8367E /* AdventureViewController.m in Sources */ = {isa = PBXBuildFile; fileRef = 46B97D231B4D715B00C8367E /* AdventureViewController.m */; };
		46B97D271B4D717500C8367E /* ClueSevenViewController.m in Sources */ = {isa = PBXBuildFile; fileRef = 46B97D261B4D717500C8367E /* ClueSevenViewController.m */; };
		46B97D2D1B4D7AFD00C8367E /* ClueOneViewController.m in Sources */ = {isa = PBXBuildFile; fileRef = 46B97D2C1B4D7AFD00C8367E /* ClueOneViewController.m */; };
		46B97D331B4D7B2500C8367E /* ClueTwoViewController.m in Sources */ = {isa = PBXBuildFile; fileRef = 46B97D321B4D7B2500C8367E /* ClueTwoViewController.m */; };
		46B97D361B4D7B3300C8367E /* ClueThreeViewController.m in Sources */ = {isa = PBXBuildFile; fileRef = 46B97D351B4D7B3300C8367E /* ClueThreeViewController.m */; };
		46B97D391B4D7BA200C8367E /* ClueFourViewController.m in Sources */ = {isa = PBXBuildFile; fileRef = 46B97D381B4D7BA200C8367E /* ClueFourViewController.m */; };
		46B97D3C1B4D7BB200C8367E /* ClueFiveViewController.m in Sources */ = {isa = PBXBuildFile; fileRef = 46B97D3B1B4D7BB200C8367E /* ClueFiveViewController.m */; };
		46B97D3F1B4D7BBF00C8367E /* ClueSixViewController.m in Sources */ = {isa = PBXBuildFile; fileRef = 46B97D3E1B4D7BBF00C8367E /* ClueSixViewController.m */; };
		46D7BAD41B51F2F700AEA071 /* ClueHelpAlertView.m in Sources */ = {isa = PBXBuildFile; fileRef = 46D7BAD31B51F2F700AEA071 /* ClueHelpAlertView.m */; };
		46D7BAD71B51F5B900AEA071 /* Clue.m in Sources */ = {isa = PBXBuildFile; fileRef = 46D7BAD61B51F5B900AEA071 /* Clue.m */; };
		46E694851B51EAA90002981F /* User.m in Sources */ = {isa = PBXBuildFile; fileRef = 46E694841B51EAA90002981F /* User.m */; };
		E4C1F3972D8E07EC4391A646 /* libPods.a in Frameworks */ = {isa = PBXBuildFile; fileRef = 57D956E504CEF19C891337AA /* libPods.a */; };
/* End PBXBuildFile section */

/* Begin PBXFileReference section */
		176795D4EE5CF038390FDA13 /* Pods.debug.xcconfig */ = {isa = PBXFileReference; includeInIndex = 1; lastKnownFileType = text.xcconfig; name = Pods.debug.xcconfig; path = "LondonAdventure/Pods/Target Support Files/Pods/Pods.debug.xcconfig"; sourceTree = "<group>"; };
		461A5EE51B51E06B0084EEED /* LocationTracker.h */ = {isa = PBXFileReference; fileEncoding = 4; lastKnownFileType = sourcecode.c.h; path = LocationTracker.h; sourceTree = "<group>"; };
		461A5EE61B51E06B0084EEED /* LocationTracker.m */ = {isa = PBXFileReference; fileEncoding = 4; lastKnownFileType = sourcecode.c.objc; path = LocationTracker.m; sourceTree = "<group>"; };
		462F459B1B4ECD1D00D5581F /* AdventureTabBarViewController.h */ = {isa = PBXFileReference; fileEncoding = 4; lastKnownFileType = sourcecode.c.h; path = AdventureTabBarViewController.h; sourceTree = "<group>"; };
		462F459C1B4ECD1D00D5581F /* AdventureTabBarViewController.m */ = {isa = PBXFileReference; fileEncoding = 4; lastKnownFileType = sourcecode.c.objc; path = AdventureTabBarViewController.m; sourceTree = "<group>"; };
		466476D01B4D94560005DEF6 /* CoverViewController.h */ = {isa = PBXFileReference; fileEncoding = 4; lastKnownFileType = sourcecode.c.h; path = CoverViewController.h; sourceTree = "<group>"; };
		466476D11B4D94560005DEF6 /* CoverViewController.m */ = {isa = PBXFileReference; fileEncoding = 4; lastKnownFileType = sourcecode.c.objc; path = CoverViewController.m; sourceTree = "<group>"; };
		466476D31B4D97C40005DEF6 /* IntroductionViewController.h */ = {isa = PBXFileReference; fileEncoding = 4; lastKnownFileType = sourcecode.c.h; path = IntroductionViewController.h; sourceTree = "<group>"; };
		466476D41B4D97C40005DEF6 /* IntroductionViewController.m */ = {isa = PBXFileReference; fileEncoding = 4; lastKnownFileType = sourcecode.c.objc; path = IntroductionViewController.m; sourceTree = "<group>"; };
		46780BA91B52A03700042355 /* MarginUIImageView.h */ = {isa = PBXFileReference; fileEncoding = 4; lastKnownFileType = sourcecode.c.h; path = MarginUIImageView.h; sourceTree = "<group>"; };
		46780BAA1B52A03700042355 /* MarginUIImageView.m */ = {isa = PBXFileReference; fileEncoding = 4; lastKnownFileType = sourcecode.c.objc; path = MarginUIImageView.m; sourceTree = "<group>"; };
		46780BAC1B52B48F00042355 /* ScaledImage.h */ = {isa = PBXFileReference; fileEncoding = 4; lastKnownFileType = sourcecode.c.h; path = ScaledImage.h; sourceTree = "<group>"; };
		46780BAD1B52B48F00042355 /* ScaledImage.m */ = {isa = PBXFileReference; fileEncoding = 4; lastKnownFileType = sourcecode.c.objc; path = ScaledImage.m; sourceTree = "<group>"; };
		4694B2BE1B51F7EB0053C3FE /* Clue0.h */ = {isa = PBXFileReference; fileEncoding = 4; lastKnownFileType = sourcecode.c.h; path = Clue0.h; sourceTree = "<group>"; };
		4694B2BF1B51F7EB0053C3FE /* Clue0.m */ = {isa = PBXFileReference; fileEncoding = 4; lastKnownFileType = sourcecode.c.objc; path = Clue0.m; sourceTree = "<group>"; };
		4694B2C11B51F7F70053C3FE /* Clue1.h */ = {isa = PBXFileReference; fileEncoding = 4; lastKnownFileType = sourcecode.c.h; path = Clue1.h; sourceTree = "<group>"; };
		4694B2C21B51F7F70053C3FE /* Clue1.m */ = {isa = PBXFileReference; fileEncoding = 4; lastKnownFileType = sourcecode.c.objc; path = Clue1.m; sourceTree = "<group>"; };
		4694B2C41B51F8030053C3FE /* Clue2.h */ = {isa = PBXFileReference; fileEncoding = 4; lastKnownFileType = sourcecode.c.h; path = Clue2.h; sourceTree = "<group>"; };
		4694B2C51B51F8030053C3FE /* Clue2.m */ = {isa = PBXFileReference; fileEncoding = 4; lastKnownFileType = sourcecode.c.objc; path = Clue2.m; sourceTree = "<group>"; };
		4694B2C71B51F80F0053C3FE /* Clue3.h */ = {isa = PBXFileReference; fileEncoding = 4; lastKnownFileType = sourcecode.c.h; path = Clue3.h; sourceTree = "<group>"; };
		4694B2C81B51F80F0053C3FE /* Clue3.m */ = {isa = PBXFileReference; fileEncoding = 4; lastKnownFileType = sourcecode.c.objc; path = Clue3.m; sourceTree = "<group>"; };
		4694B2CA1B51F81B0053C3FE /* Clue4.h */ = {isa = PBXFileReference; fileEncoding = 4; lastKnownFileType = sourcecode.c.h; path = Clue4.h; sourceTree = "<group>"; };
		4694B2CB1B51F81B0053C3FE /* Clue4.m */ = {isa = PBXFileReference; fileEncoding = 4; lastKnownFileType = sourcecode.c.objc; path = Clue4.m; sourceTree = "<group>"; };
		4694B2CD1B51F8260053C3FE /* Clue5.h */ = {isa = PBXFileReference; fileEncoding = 4; lastKnownFileType = sourcecode.c.h; path = Clue5.h; sourceTree = "<group>"; };
		4694B2CE1B51F8260053C3FE /* Clue5.m */ = {isa = PBXFileReference; fileEncoding = 4; lastKnownFileType = sourcecode.c.objc; path = Clue5.m; sourceTree = "<group>"; };
		4694B2D01B51F8340053C3FE /* Clue6.h */ = {isa = PBXFileReference; fileEncoding = 4; lastKnownFileType = sourcecode.c.h; path = Clue6.h; sourceTree = "<group>"; };
		4694B2D11B51F8340053C3FE /* Clue6.m */ = {isa = PBXFileReference; fileEncoding = 4; lastKnownFileType = sourcecode.c.objc; path = Clue6.m; sourceTree = "<group>"; };
		4694B2D31B51F83F0053C3FE /* Clue7.h */ = {isa = PBXFileReference; fileEncoding = 4; lastKnownFileType = sourcecode.c.h; path = Clue7.h; sourceTree = "<group>"; };
		4694B2D41B51F83F0053C3FE /* Clue7.m */ = {isa = PBXFileReference; fileEncoding = 4; lastKnownFileType = sourcecode.c.objc; path = Clue7.m; sourceTree = "<group>"; };
		46ACC1621B4D85290018B77B /* MarginUILabel.h */ = {isa = PBXFileReference; fileEncoding = 4; lastKnownFileType = sourcecode.c.h; path = MarginUILabel.h; sourceTree = "<group>"; };
		46ACC1631B4D85290018B77B /* MarginUILabel.m */ = {isa = PBXFileReference; fileEncoding = 4; lastKnownFileType = sourcecode.c.objc; path = MarginUILabel.m; sourceTree = "<group>"; };
		46B97D051B4C5BE000C8367E /* LondonAdventure.app */ = {isa = PBXFileReference; explicitFileType = wrapper.application; includeInIndex = 0; path = LondonAdventure.app; sourceTree = BUILT_PRODUCTS_DIR; };
		46B97D091B4C5BE000C8367E /* main.m */ = {isa = PBXFileReference; lastKnownFileType = sourcecode.c.objc; path = main.m; sourceTree = "<group>"; };
		46B97D0B1B4C5BE000C8367E /* AppDelegate.h */ = {isa = PBXFileReference; lastKnownFileType = sourcecode.c.h; path = AppDelegate.h; sourceTree = "<group>"; };
		46B97D0C1B4C5BE000C8367E /* AppDelegate.m */ = {isa = PBXFileReference; lastKnownFileType = sourcecode.c.objc; path = AppDelegate.m; sourceTree = "<group>"; };
		46B97D151B4C5BE000C8367E /* Base */ = {isa = PBXFileReference; lastKnownFileType = file.storyboard; name = Base; path = Base.lproj/Main.storyboard; sourceTree = "<group>"; };
		46B97D171B4C5BE000C8367E /* Assets.xcassets */ = {isa = PBXFileReference; lastKnownFileType = folder.assetcatalog; path = Assets.xcassets; sourceTree = "<group>"; };
		46B97D1A1B4C5BE000C8367E /* Base */ = {isa = PBXFileReference; lastKnownFileType = file.storyboard; name = Base; path = Base.lproj/LaunchScreen.storyboard; sourceTree = "<group>"; };
		46B97D1C1B4C5BE000C8367E /* Info.plist */ = {isa = PBXFileReference; lastKnownFileType = text.plist.xml; path = Info.plist; sourceTree = "<group>"; };
		46B97D221B4D715B00C8367E /* AdventureViewController.h */ = {isa = PBXFileReference; fileEncoding = 4; lastKnownFileType = sourcecode.c.h; path = AdventureViewController.h; sourceTree = "<group>"; };
		46B97D231B4D715B00C8367E /* AdventureViewController.m */ = {isa = PBXFileReference; fileEncoding = 4; lastKnownFileType = sourcecode.c.objc; path = AdventureViewController.m; sourceTree = "<group>"; };
		46B97D251B4D717500C8367E /* ClueSevenViewController.h */ = {isa = PBXFileReference; fileEncoding = 4; lastKnownFileType = sourcecode.c.h; path = ClueSevenViewController.h; sourceTree = "<group>"; };
		46B97D261B4D717500C8367E /* ClueSevenViewController.m */ = {isa = PBXFileReference; fileEncoding = 4; lastKnownFileType = sourcecode.c.objc; path = ClueSevenViewController.m; sourceTree = "<group>"; };
		46B97D2B1B4D7AFD00C8367E /* ClueOneViewController.h */ = {isa = PBXFileReference; fileEncoding = 4; lastKnownFileType = sourcecode.c.h; path = ClueOneViewController.h; sourceTree = "<group>"; };
		46B97D2C1B4D7AFD00C8367E /* ClueOneViewController.m */ = {isa = PBXFileReference; fileEncoding = 4; lastKnownFileType = sourcecode.c.objc; path = ClueOneViewController.m; sourceTree = "<group>"; };
		46B97D311B4D7B2500C8367E /* ClueTwoViewController.h */ = {isa = PBXFileReference; fileEncoding = 4; lastKnownFileType = sourcecode.c.h; path = ClueTwoViewController.h; sourceTree = "<group>"; };
		46B97D321B4D7B2500C8367E /* ClueTwoViewController.m */ = {isa = PBXFileReference; fileEncoding = 4; lastKnownFileType = sourcecode.c.objc; path = ClueTwoViewController.m; sourceTree = "<group>"; };
		46B97D341B4D7B3300C8367E /* ClueThreeViewController.h */ = {isa = PBXFileReference; fileEncoding = 4; lastKnownFileType = sourcecode.c.h; path = ClueThreeViewController.h; sourceTree = "<group>"; };
		46B97D351B4D7B3300C8367E /* ClueThreeViewController.m */ = {isa = PBXFileReference; fileEncoding = 4; lastKnownFileType = sourcecode.c.objc; path = ClueThreeViewController.m; sourceTree = "<group>"; };
		46B97D371B4D7BA200C8367E /* ClueFourViewController.h */ = {isa = PBXFileReference; fileEncoding = 4; lastKnownFileType = sourcecode.c.h; path = ClueFourViewController.h; sourceTree = "<group>"; };
		46B97D381B4D7BA200C8367E /* ClueFourViewController.m */ = {isa = PBXFileReference; fileEncoding = 4; lastKnownFileType = sourcecode.c.objc; path = ClueFourViewController.m; sourceTree = "<group>"; };
		46B97D3A1B4D7BB200C8367E /* ClueFiveViewController.h */ = {isa = PBXFileReference; fileEncoding = 4; lastKnownFileType = sourcecode.c.h; path = ClueFiveViewController.h; sourceTree = "<group>"; };
		46B97D3B1B4D7BB200C8367E /* ClueFiveViewController.m */ = {isa = PBXFileReference; fileEncoding = 4; lastKnownFileType = sourcecode.c.objc; path = ClueFiveViewController.m; sourceTree = "<group>"; };
		46B97D3D1B4D7BBF00C8367E /* ClueSixViewController.h */ = {isa = PBXFileReference; fileEncoding = 4; lastKnownFileType = sourcecode.c.h; path = ClueSixViewController.h; sourceTree = "<group>"; };
		46B97D3E1B4D7BBF00C8367E /* ClueSixViewController.m */ = {isa = PBXFileReference; fileEncoding = 4; lastKnownFileType = sourcecode.c.objc; path = ClueSixViewController.m; sourceTree = "<group>"; };
		46D7BAD21B51F2F700AEA071 /* ClueHelpAlertView.h */ = {isa = PBXFileReference; fileEncoding = 4; lastKnownFileType = sourcecode.c.h; path = ClueHelpAlertView.h; sourceTree = "<group>"; };
		46D7BAD31B51F2F700AEA071 /* ClueHelpAlertView.m */ = {isa = PBXFileReference; fileEncoding = 4; lastKnownFileType = sourcecode.c.objc; path = ClueHelpAlertView.m; sourceTree = "<group>"; };
		46D7BAD51B51F5B900AEA071 /* Clue.h */ = {isa = PBXFileReference; fileEncoding = 4; lastKnownFileType = sourcecode.c.h; path = Clue.h; sourceTree = "<group>"; };
		46D7BAD61B51F5B900AEA071 /* Clue.m */ = {isa = PBXFileReference; fileEncoding = 4; lastKnownFileType = sourcecode.c.objc; path = Clue.m; sourceTree = "<group>"; };
		46E694831B51EAA90002981F /* User.h */ = {isa = PBXFileReference; fileEncoding = 4; lastKnownFileType = sourcecode.c.h; path = User.h; sourceTree = "<group>"; };
		46E694841B51EAA90002981F /* User.m */ = {isa = PBXFileReference; fileEncoding = 4; lastKnownFileType = sourcecode.c.objc; path = User.m; sourceTree = "<group>"; };
		57D956E504CEF19C891337AA /* libPods.a */ = {isa = PBXFileReference; explicitFileType = archive.ar; includeInIndex = 0; path = libPods.a; sourceTree = BUILT_PRODUCTS_DIR; };
		C1FA223C7C669671415E34F1 /* Pods.release.xcconfig */ = {isa = PBXFileReference; includeInIndex = 1; lastKnownFileType = text.xcconfig; name = Pods.release.xcconfig; path = "LondonAdventure/Pods/Target Support Files/Pods/Pods.release.xcconfig"; sourceTree = "<group>"; };
/* End PBXFileReference section */

/* Begin PBXFrameworksBuildPhase section */
		46B97D021B4C5BE000C8367E /* Frameworks */ = {
			isa = PBXFrameworksBuildPhase;
			buildActionMask = 2147483647;
			files = (
				E4C1F3972D8E07EC4391A646 /* libPods.a in Frameworks */,
			);
			runOnlyForDeploymentPostprocessing = 0;
		};
/* End PBXFrameworksBuildPhase section */

/* Begin PBXGroup section */
		0FB5C1E51B36FD01CD85FA3F /* Frameworks */ = {
			isa = PBXGroup;
			children = (
				57D956E504CEF19C891337AA /* libPods.a */,
			);
			name = Frameworks;
			sourceTree = "<group>";
		};
		461A5EE41B51E04F0084EEED /* Models */ = {
			isa = PBXGroup;
			children = (
				461A5EE51B51E06B0084EEED /* LocationTracker.h */,
				461A5EE61B51E06B0084EEED /* LocationTracker.m */,
				46E694831B51EAA90002981F /* User.h */,
				46E694841B51EAA90002981F /* User.m */,
				46D7BAD51B51F5B900AEA071 /* Clue.h */,
				46D7BAD61B51F5B900AEA071 /* Clue.m */,
				4694B2BE1B51F7EB0053C3FE /* Clue0.h */,
				4694B2BF1B51F7EB0053C3FE /* Clue0.m */,
				4694B2C11B51F7F70053C3FE /* Clue1.h */,
				4694B2C21B51F7F70053C3FE /* Clue1.m */,
				4694B2C41B51F8030053C3FE /* Clue2.h */,
				4694B2C51B51F8030053C3FE /* Clue2.m */,
				4694B2C71B51F80F0053C3FE /* Clue3.h */,
				4694B2C81B51F80F0053C3FE /* Clue3.m */,
				4694B2CA1B51F81B0053C3FE /* Clue4.h */,
				4694B2CB1B51F81B0053C3FE /* Clue4.m */,
				4694B2CD1B51F8260053C3FE /* Clue5.h */,
				4694B2CE1B51F8260053C3FE /* Clue5.m */,
				4694B2D01B51F8340053C3FE /* Clue6.h */,
				4694B2D11B51F8340053C3FE /* Clue6.m */,
				4694B2D31B51F83F0053C3FE /* Clue7.h */,
				4694B2D41B51F83F0053C3FE /* Clue7.m */,
			);
			name = Models;
			sourceTree = "<group>";
		};
		469C42D01B4DB7E9008431C7 /* Clues */ = {
			isa = PBXGroup;
			children = (
				46B97D221B4D715B00C8367E /* AdventureViewController.h */,
				46B97D231B4D715B00C8367E /* AdventureViewController.m */,
				466476D31B4D97C40005DEF6 /* IntroductionViewController.h */,
				466476D41B4D97C40005DEF6 /* IntroductionViewController.m */,
				46B97D2B1B4D7AFD00C8367E /* ClueOneViewController.h */,
				46B97D2C1B4D7AFD00C8367E /* ClueOneViewController.m */,
				46B97D311B4D7B2500C8367E /* ClueTwoViewController.h */,
				46B97D321B4D7B2500C8367E /* ClueTwoViewController.m */,
				46B97D341B4D7B3300C8367E /* ClueThreeViewController.h */,
				46B97D351B4D7B3300C8367E /* ClueThreeViewController.m */,
				46B97D371B4D7BA200C8367E /* ClueFourViewController.h */,
				46B97D381B4D7BA200C8367E /* ClueFourViewController.m */,
				46B97D3A1B4D7BB200C8367E /* ClueFiveViewController.h */,
				46B97D3B1B4D7BB200C8367E /* ClueFiveViewController.m */,
				46B97D3D1B4D7BBF00C8367E /* ClueSixViewController.h */,
				46B97D3E1B4D7BBF00C8367E /* ClueSixViewController.m */,
				46B97D251B4D717500C8367E /* ClueSevenViewController.h */,
				46B97D261B4D717500C8367E /* ClueSevenViewController.m */,
			);
			name = Clues;
			sourceTree = "<group>";
		};
		469C42D51B4DBBDA008431C7 /* UIComponents */ = {
			isa = PBXGroup;
			children = (
				46ACC1621B4D85290018B77B /* MarginUILabel.h */,
				46ACC1631B4D85290018B77B /* MarginUILabel.m */,
				46D7BAD21B51F2F700AEA071 /* ClueHelpAlertView.h */,
				46D7BAD31B51F2F700AEA071 /* ClueHelpAlertView.m */,
				46780BA91B52A03700042355 /* MarginUIImageView.h */,
				46780BAA1B52A03700042355 /* MarginUIImageView.m */,
				46780BAC1B52B48F00042355 /* ScaledImage.h */,
				46780BAD1B52B48F00042355 /* ScaledImage.m */,
			);
			name = UIComponents;
			sourceTree = "<group>";
		};
		469C42D61B4DBBF8008431C7 /* Storyboards */ = {
			isa = PBXGroup;
			children = (
				466476D01B4D94560005DEF6 /* CoverViewController.h */,
				466476D11B4D94560005DEF6 /* CoverViewController.m */,
				46B97D141B4C5BE000C8367E /* Main.storyboard */,
				46B97D191B4C5BE000C8367E /* LaunchScreen.storyboard */,
			);
			name = Storyboards;
			sourceTree = "<group>";
		};
		46B97CFC1B4C5BE000C8367E = {
			isa = PBXGroup;
			children = (
				46B97D071B4C5BE000C8367E /* LondonAdventure */,
				46B97D061B4C5BE000C8367E /* Products */,
				B87A2D699A679F1872F23B07 /* Pods */,
				0FB5C1E51B36FD01CD85FA3F /* Frameworks */,
			);
			sourceTree = "<group>";
		};
		46B97D061B4C5BE000C8367E /* Products */ = {
			isa = PBXGroup;
			children = (
				46B97D051B4C5BE000C8367E /* LondonAdventure.app */,
			);
			name = Products;
			sourceTree = "<group>";
		};
		46B97D071B4C5BE000C8367E /* LondonAdventure */ = {
			isa = PBXGroup;
			children = (
				461A5EE41B51E04F0084EEED /* Models */,
				469C42D61B4DBBF8008431C7 /* Storyboards */,
				469C42D51B4DBBDA008431C7 /* UIComponents */,
				469C42D01B4DB7E9008431C7 /* Clues */,
				46B97D0B1B4C5BE000C8367E /* AppDelegate.h */,
				46B97D0C1B4C5BE000C8367E /* AppDelegate.m */,
				46B97D171B4C5BE000C8367E /* Assets.xcassets */,
				46B97D1C1B4C5BE000C8367E /* Info.plist */,
				46B97D081B4C5BE000C8367E /* Supporting Files */,
				462F459B1B4ECD1D00D5581F /* AdventureTabBarViewController.h */,
				462F459C1B4ECD1D00D5581F /* AdventureTabBarViewController.m */,
			);
			path = LondonAdventure;
			sourceTree = "<group>";
		};
		46B97D081B4C5BE000C8367E /* Supporting Files */ = {
			isa = PBXGroup;
			children = (
				46B97D091B4C5BE000C8367E /* main.m */,
			);
			name = "Supporting Files";
			sourceTree = "<group>";
		};
		B87A2D699A679F1872F23B07 /* Pods */ = {
			isa = PBXGroup;
			children = (
				176795D4EE5CF038390FDA13 /* Pods.debug.xcconfig */,
				C1FA223C7C669671415E34F1 /* Pods.release.xcconfig */,
			);
			name = Pods;
			sourceTree = "<group>";
		};
/* End PBXGroup section */

/* Begin PBXNativeTarget section */
		46B97D041B4C5BE000C8367E /* LondonAdventure */ = {
			isa = PBXNativeTarget;
			buildConfigurationList = 46B97D1F1B4C5BE000C8367E /* Build configuration list for PBXNativeTarget "LondonAdventure" */;
			buildPhases = (
				3E2EC7CB2290578439A4C234 /* Check Pods Manifest.lock */,
				46B97D011B4C5BE000C8367E /* Sources */,
				46B97D021B4C5BE000C8367E /* Frameworks */,
				46B97D031B4C5BE000C8367E /* Resources */,
				24715752D79DC29C5557FFFB /* Copy Pods Resources */,
			);
			buildRules = (
			);
			dependencies = (
			);
			name = LondonAdventure;
			productName = LondonAdventure;
			productReference = 46B97D051B4C5BE000C8367E /* LondonAdventure.app */;
			productType = "com.apple.product-type.application";
		};
/* End PBXNativeTarget section */

/* Begin PBXProject section */
		46B97CFD1B4C5BE000C8367E /* Project object */ = {
			isa = PBXProject;
			attributes = {
				LastUpgradeCheck = 0700;
				ORGANIZATIONNAME = "Emma Makinson";
				TargetAttributes = {
					46B97D041B4C5BE000C8367E = {
						CreatedOnToolsVersion = 7.0;
						DevelopmentTeam = JQMN9KB3LX;
					};
				};
			};
			buildConfigurationList = 46B97D001B4C5BE000C8367E /* Build configuration list for PBXProject "LondonAdventure" */;
			compatibilityVersion = "Xcode 3.2";
			developmentRegion = English;
			hasScannedForEncodings = 0;
			knownRegions = (
				en,
				Base,
			);
			mainGroup = 46B97CFC1B4C5BE000C8367E;
			productRefGroup = 46B97D061B4C5BE000C8367E /* Products */;
			projectDirPath = "";
			projectRoot = "";
			targets = (
				46B97D041B4C5BE000C8367E /* LondonAdventure */,
			);
		};
/* End PBXProject section */

/* Begin PBXResourcesBuildPhase section */
		46B97D031B4C5BE000C8367E /* Resources */ = {
			isa = PBXResourcesBuildPhase;
			buildActionMask = 2147483647;
			files = (
				46B97D1B1B4C5BE000C8367E /* LaunchScreen.storyboard in Resources */,
				46B97D181B4C5BE000C8367E /* Assets.xcassets in Resources */,
				46B97D161B4C5BE000C8367E /* Main.storyboard in Resources */,
			);
			runOnlyForDeploymentPostprocessing = 0;
		};
/* End PBXResourcesBuildPhase section */

/* Begin PBXShellScriptBuildPhase section */
		24715752D79DC29C5557FFFB /* Copy Pods Resources */ = {
			isa = PBXShellScriptBuildPhase;
			buildActionMask = 2147483647;
			files = (
			);
			inputPaths = (
			);
			name = "Copy Pods Resources";
			outputPaths = (
			);
			runOnlyForDeploymentPostprocessing = 0;
			shellPath = /bin/sh;
			shellScript = "\"${SRCROOT}/LondonAdventure/Pods/Target Support Files/Pods/Pods-resources.sh\"\n";
			showEnvVarsInLog = 0;
		};
		3E2EC7CB2290578439A4C234 /* Check Pods Manifest.lock */ = {
			isa = PBXShellScriptBuildPhase;
			buildActionMask = 2147483647;
			files = (
			);
			inputPaths = (
			);
			name = "Check Pods Manifest.lock";
			outputPaths = (
			);
			runOnlyForDeploymentPostprocessing = 0;
			shellPath = /bin/sh;
			shellScript = "diff \"${PODS_ROOT}/../Podfile.lock\" \"${PODS_ROOT}/Manifest.lock\" > /dev/null\nif [[ $? != 0 ]] ; then\n    cat << EOM\nerror: The sandbox is not in sync with the Podfile.lock. Run 'pod install' or update your CocoaPods installation.\nEOM\n    exit 1\nfi\n";
			showEnvVarsInLog = 0;
		};
/* End PBXShellScriptBuildPhase section */

/* Begin PBXSourcesBuildPhase section */
		46B97D011B4C5BE000C8367E /* Sources */ = {
			isa = PBXSourcesBuildPhase;
			buildActionMask = 2147483647;
			files = (
				4694B2CF1B51F8260053C3FE /* Clue5.m in Sources */,
				4694B2C61B51F8030053C3FE /* Clue2.m in Sources */,
				46D7BAD71B51F5B900AEA071 /* Clue.m in Sources */,
				466476D21B4D94560005DEF6 /* CoverViewController.m in Sources */,
				462F459D1B4ECD1D00D5581F /* AdventureTabBarViewController.m in Sources */,
				46B97D331B4D7B2500C8367E /* ClueTwoViewController.m in Sources */,
				46D7BAD41B51F2F700AEA071 /* ClueHelpAlertView.m in Sources */,
				46780BAE1B52B48F00042355 /* ScaledImage.m in Sources */,
				4694B2C91B51F80F0053C3FE /* Clue3.m in Sources */,
				46B97D0D1B4C5BE000C8367E /* AppDelegate.m in Sources */,
				46B97D0A1B4C5BE000C8367E /* main.m in Sources */,
				46B97D391B4D7BA200C8367E /* ClueFourViewController.m in Sources */,
				46780BAB1B52A03700042355 /* MarginUIImageView.m in Sources */,
				46E694851B51EAA90002981F /* User.m in Sources */,
				466476D51B4D97C40005DEF6 /* IntroductionViewController.m in Sources */,
				46B97D361B4D7B3300C8367E /* ClueThreeViewController.m in Sources */,
				46ACC1641B4D85290018B77B /* MarginUILabel.m in Sources */,
				46B97D3F1B4D7BBF00C8367E /* ClueSixViewController.m in Sources */,
				4694B2C01B51F7EB0053C3FE /* Clue0.m in Sources */,
				461A5EE71B51E06B0084EEED /* LocationTracker.m in Sources */,
				46B97D241B4D715B00C8367E /* AdventureViewController.m in Sources */,
				4694B2C31B51F7F70053C3FE /* Clue1.m in Sources */,
				4694B2CC1B51F81B0053C3FE /* Clue4.m in Sources */,
				46B97D2D1B4D7AFD00C8367E /* ClueOneViewController.m in Sources */,
				4694B2D51B51F83F0053C3FE /* Clue7.m in Sources */,
				4694B2D21B51F8340053C3FE /* Clue6.m in Sources */,
				46B97D271B4D717500C8367E /* ClueSevenViewController.m in Sources */,
				46B97D3C1B4D7BB200C8367E /* ClueFiveViewController.m in Sources */,
			);
			runOnlyForDeploymentPostprocessing = 0;
		};
/* End PBXSourcesBuildPhase section */

/* Begin PBXVariantGroup section */
		46B97D141B4C5BE000C8367E /* Main.storyboard */ = {
			isa = PBXVariantGroup;
			children = (
				46B97D151B4C5BE000C8367E /* Base */,
			);
			name = Main.storyboard;
			sourceTree = "<group>";
		};
		46B97D191B4C5BE000C8367E /* LaunchScreen.storyboard */ = {
			isa = PBXVariantGroup;
			children = (
				46B97D1A1B4C5BE000C8367E /* Base */,
			);
			name = LaunchScreen.storyboard;
			sourceTree = "<group>";
		};
/* End PBXVariantGroup section */

/* Begin XCBuildConfiguration section */
		46B97D1D1B4C5BE000C8367E /* Debug */ = {
			isa = XCBuildConfiguration;
			buildSettings = {
				ALWAYS_SEARCH_USER_PATHS = NO;
				CLANG_CXX_LANGUAGE_STANDARD = "gnu++0x";
				CLANG_CXX_LIBRARY = "libc++";
				CLANG_ENABLE_MODULES = YES;
				CLANG_ENABLE_OBJC_ARC = YES;
				CLANG_WARN_BOOL_CONVERSION = YES;
				CLANG_WARN_CONSTANT_CONVERSION = YES;
				CLANG_WARN_DIRECT_OBJC_ISA_USAGE = YES_ERROR;
				CLANG_WARN_EMPTY_BODY = YES;
				CLANG_WARN_ENUM_CONVERSION = YES;
				CLANG_WARN_INT_CONVERSION = YES;
				CLANG_WARN_OBJC_ROOT_CLASS = YES_ERROR;
				CLANG_WARN_UNREACHABLE_CODE = YES;
				CLANG_WARN__DUPLICATE_METHOD_MATCH = YES;
				"CODE_SIGN_IDENTITY[sdk=iphoneos*]" = "iPhone Developer";
				COPY_PHASE_STRIP = NO;
				DEBUG_INFORMATION_FORMAT = dwarf;
				ENABLE_STRICT_OBJC_MSGSEND = YES;
				ENABLE_TESTABILITY = YES;
				GCC_C_LANGUAGE_STANDARD = gnu99;
				GCC_DYNAMIC_NO_PIC = NO;
				GCC_NO_COMMON_BLOCKS = YES;
				GCC_OPTIMIZATION_LEVEL = 0;
				GCC_PREPROCESSOR_DEFINITIONS = (
					"DEBUG=1",
					"$(inherited)",
				);
				GCC_WARN_64_TO_32_BIT_CONVERSION = YES;
				GCC_WARN_ABOUT_RETURN_TYPE = YES_ERROR;
				GCC_WARN_UNDECLARED_SELECTOR = YES;
				GCC_WARN_UNINITIALIZED_AUTOS = YES_AGGRESSIVE;
				GCC_WARN_UNUSED_FUNCTION = YES;
				GCC_WARN_UNUSED_VARIABLE = YES;
				IPHONEOS_DEPLOYMENT_TARGET = 9.0;
				MTL_ENABLE_DEBUG_INFO = YES;
				ONLY_ACTIVE_ARCH = YES;
				SDKROOT = iphoneos;
				TARGETED_DEVICE_FAMILY = 2;
			};
			name = Debug;
		};
		46B97D1E1B4C5BE000C8367E /* Release */ = {
			isa = XCBuildConfiguration;
			buildSettings = {
				ALWAYS_SEARCH_USER_PATHS = NO;
				CLANG_CXX_LANGUAGE_STANDARD = "gnu++0x";
				CLANG_CXX_LIBRARY = "libc++";
				CLANG_ENABLE_MODULES = YES;
				CLANG_ENABLE_OBJC_ARC = YES;
				CLANG_WARN_BOOL_CONVERSION = YES;
				CLANG_WARN_CONSTANT_CONVERSION = YES;
				CLANG_WARN_DIRECT_OBJC_ISA_USAGE = YES_ERROR;
				CLANG_WARN_EMPTY_BODY = YES;
				CLANG_WARN_ENUM_CONVERSION = YES;
				CLANG_WARN_INT_CONVERSION = YES;
				CLANG_WARN_OBJC_ROOT_CLASS = YES_ERROR;
				CLANG_WARN_UNREACHABLE_CODE = YES;
				CLANG_WARN__DUPLICATE_METHOD_MATCH = YES;
				"CODE_SIGN_IDENTITY[sdk=iphoneos*]" = "iPhone Developer";
				COPY_PHASE_STRIP = NO;
				DEBUG_INFORMATION_FORMAT = "dwarf-with-dsym";
				ENABLE_NS_ASSERTIONS = NO;
				ENABLE_STRICT_OBJC_MSGSEND = YES;
				GCC_C_LANGUAGE_STANDARD = gnu99;
				GCC_NO_COMMON_BLOCKS = YES;
				GCC_WARN_64_TO_32_BIT_CONVERSION = YES;
				GCC_WARN_ABOUT_RETURN_TYPE = YES_ERROR;
				GCC_WARN_UNDECLARED_SELECTOR = YES;
				GCC_WARN_UNINITIALIZED_AUTOS = YES_AGGRESSIVE;
				GCC_WARN_UNUSED_FUNCTION = YES;
				GCC_WARN_UNUSED_VARIABLE = YES;
				IPHONEOS_DEPLOYMENT_TARGET = 9.0;
				MTL_ENABLE_DEBUG_INFO = NO;
				SDKROOT = iphoneos;
				TARGETED_DEVICE_FAMILY = 2;
				VALIDATE_PRODUCT = YES;
			};
			name = Release;
		};
		46B97D201B4C5BE000C8367E /* Debug */ = {
			isa = XCBuildConfiguration;
			baseConfigurationReference = 176795D4EE5CF038390FDA13 /* Pods.debug.xcconfig */;
			buildSettings = {
				ASSETCATALOG_COMPILER_APPICON_NAME = AppIcon;
				CODE_SIGN_IDENTITY = "iPhone Developer";
				INFOPLIST_FILE = LondonAdventure/Info.plist;
				IPHONEOS_DEPLOYMENT_TARGET = 8.4;
				LD_RUNPATH_SEARCH_PATHS = "$(inherited) @executable_path/Frameworks";
				PRODUCT_BUNDLE_IDENTIFIER = emmavioletmakinson.LondonAdventure;
				PRODUCT_NAME = "$(TARGET_NAME)";
			};
			name = Debug;
		};
		46B97D211B4C5BE000C8367E /* Release */ = {
			isa = XCBuildConfiguration;
			baseConfigurationReference = C1FA223C7C669671415E34F1 /* Pods.release.xcconfig */;
			buildSettings = {
				ASSETCATALOG_COMPILER_APPICON_NAME = AppIcon;
				CODE_SIGN_IDENTITY = "iPhone Developer";
				INFOPLIST_FILE = LondonAdventure/Info.plist;
				IPHONEOS_DEPLOYMENT_TARGET = 8.4;
				LD_RUNPATH_SEARCH_PATHS = "$(inherited) @executable_path/Frameworks";
				PRODUCT_BUNDLE_IDENTIFIER = emmavioletmakinson.LondonAdventure;
				PRODUCT_NAME = "$(TARGET_NAME)";
			};
			name = Release;
		};
/* End XCBuildConfiguration section */

/* Begin XCConfigurationList section */
		46B97D001B4C5BE000C8367E /* Build configuration list for PBXProject "LondonAdventure" */ = {
			isa = XCConfigurationList;
			buildConfigurations = (
				46B97D1D1B4C5BE000C8367E /* Debug */,
				46B97D1E1B4C5BE000C8367E /* Release */,
			);
			defaultConfigurationIsVisible = 0;
			defaultConfigurationName = Release;
		};
		46B97D1F1B4C5BE000C8367E /* Build configuration list for PBXNativeTarget "LondonAdventure" */ = {
			isa = XCConfigurationList;
			buildConfigurations = (
				46B97D201B4C5BE000C8367E /* Debug */,
				46B97D211B4C5BE000C8367E /* Release */,
			);
			defaultConfigurationIsVisible = 0;
			defaultConfigurationName = Release;
		};
/* End XCConfigurationList section */
	};
	rootObject = 46B97CFD1B4C5BE000C8367E /* Project object */;
}
